
Microsoft Visual Studio Solution File, Format Version 12.00
Project("{FAE04EC0-301F-11D3-BF4B-00C04F79EFBC}") = "SCPArena", "SCPArena\SCPArena.csproj", "{A953D50A-1352-4E1A-996C-1317932CED8B}"
EndProject
Global
	GlobalSection(SolutionConfigurationPlatforms) = preSolution
		Debug|Any CPU = Debug|Any CPU
		Release|Any CPU = Release|Any CPU
	EndGlobalSection
	GlobalSection(ProjectConfigurationPlatforms) = postSolution
		{A953D50A-1352-4E1A-996C-1317932CED8B}.Debug|Any CPU.ActiveCfg = Debug|Any CPU
		{A953D50A-1352-4E1A-996C-1317932CED8B}.Debug|Any CPU.Build.0 = Debug|Any CPU
		{A953D50A-1352-4E1A-996C-1317932CED8B}.Release|Any CPU.ActiveCfg = Release|Any CPU
		{A953D50A-1352-4E1A-996C-1317932CED8B}.Release|Any CPU.Build.0 = Release|Any CPU
	EndGlobalSection
EndGlobal
